
Microsoft Visual Studio Solution File, Format Version 12.00
# Visual Studio Version 17
VisualStudioVersion = 17.7.34221.43
MinimumVisualStudioVersion = 10.0.40219.1
Project("{FAE04EC0-301F-11D3-BF4B-00C04F79EFBC}") = "Space Engineers - ResourceCalculator", "Space Engineers - ResourceCalculator\Space Engineers - ResourceCalculator.csproj", "{54770539-049C-4D0E-A746-422C92B8E6CD}"
EndProject
Project("{FAE04EC0-301F-11D3-BF4B-00C04F79EFBC}") = "Airlock", "Airlock\Airlock.csproj", "{F93D49A9-E973-4BCA-8E77-4B8B1E448595}"
EndProject
Project("{FAE04EC0-301F-11D3-BF4B-00C04F79EFBC}") = "Advanced Sorter", "Advanced Sorter\Advanced Sorter.csproj", "{5C910033-EF92-44FB-8B09-F06E7AC536DC}"
EndProject
Global
	GlobalSection(SolutionConfigurationPlatforms) = preSolution
		Debug|x64 = Debug|x64
	EndGlobalSection
	GlobalSection(ProjectConfigurationPlatforms) = postSolution
		{54770539-049C-4D0E-A746-422C92B8E6CD}.Debug|x64.ActiveCfg = Debug|x64
		{54770539-049C-4D0E-A746-422C92B8E6CD}.Debug|x64.Build.0 = Debug|x64
		{F93D49A9-E973-4BCA-8E77-4B8B1E448595}.Debug|x64.ActiveCfg = Debug|x64
		{F93D49A9-E973-4BCA-8E77-4B8B1E448595}.Debug|x64.Build.0 = Debug|x64
		{5C910033-EF92-44FB-8B09-F06E7AC536DC}.Debug|x64.ActiveCfg = Debug|x64
		{5C910033-EF92-44FB-8B09-F06E7AC536DC}.Debug|x64.Build.0 = Debug|x64
	EndGlobalSection
	GlobalSection(SolutionProperties) = preSolution
		HideSolutionNode = FALSE
	EndGlobalSection
	GlobalSection(ExtensibilityGlobals) = postSolution
		SolutionGuid = {274BA6AD-CC46-41CB-A580-3FBAC693A8C9}
	EndGlobalSection
EndGlobal
